
Microsoft Visual Studio Solution File, Format Version 12.00
# Visual Studio 15
VisualStudioVersion = 15.0.27703.2042
MinimumVisualStudioVersion = 10.0.40219.1
Project("{FAE04EC0-301F-11D3-BF4B-00C04F79EFBC}") = "IdentityS4", "IdentityS4\IdentityS4.csproj", "{DB1180EE-A22F-4C94-9C78-03BD14BD809A}"
EndProject
Project("{FAE04EC0-301F-11D3-BF4B-00C04F79EFBC}") = "Client", "Client\Client.csproj", "{D5CD91AA-384A-40FC-A581-5AB65E3A2390}"
EndProject
Project("{FAE04EC0-301F-11D3-BF4B-00C04F79EFBC}") = "Api", "Api\Api.csproj", "{B6941F60-F180-4694-A8B5-62ED2780D2F1}"
EndProject
Global
	GlobalSection(SolutionConfigurationPlatforms) = preSolution
		Debug|Any CPU = Debug|Any CPU
		Release|Any CPU = Release|Any CPU
	EndGlobalSection
	GlobalSection(ProjectConfigurationPlatforms) = postSolution
		{DB1180EE-A22F-4C94-9C78-03BD14BD809A}.Debug|Any CPU.ActiveCfg = Debug|Any CPU
		{DB1180EE-A22F-4C94-9C78-03BD14BD809A}.Debug|Any CPU.Build.0 = Debug|Any CPU
		{DB1180EE-A22F-4C94-9C78-03BD14BD809A}.Release|Any CPU.ActiveCfg = Release|Any CPU
		{DB1180EE-A22F-4C94-9C78-03BD14BD809A}.Release|Any CPU.Build.0 = Release|Any CPU
		{D5CD91AA-384A-40FC-A581-5AB65E3A2390}.Debug|Any CPU.ActiveCfg = Debug|Any CPU
		{D5CD91AA-384A-40FC-A581-5AB65E3A2390}.Debug|Any CPU.Build.0 = Debug|Any CPU
		{D5CD91AA-384A-40FC-A581-5AB65E3A2390}.Release|Any CPU.ActiveCfg = Release|Any CPU
		{D5CD91AA-384A-40FC-A581-5AB65E3A2390}.Release|Any CPU.Build.0 = Release|Any CPU
		{B6941F60-F180-4694-A8B5-62ED2780D2F1}.Debug|Any CPU.ActiveCfg = Debug|Any CPU
		{B6941F60-F180-4694-A8B5-62ED2780D2F1}.Debug|Any CPU.Build.0 = Debug|Any CPU
		{B6941F60-F180-4694-A8B5-62ED2780D2F1}.Release|Any CPU.ActiveCfg = Release|Any CPU
		{B6941F60-F180-4694-A8B5-62ED2780D2F1}.Release|Any CPU.Build.0 = Release|Any CPU
	EndGlobalSection
	GlobalSection(SolutionProperties) = preSolution
		HideSolutionNode = FALSE
	EndGlobalSection
	GlobalSection(ExtensibilityGlobals) = postSolution
		SolutionGuid = {582569F1-B8C9-4E6E-B777-5FF2196B738A}
	EndGlobalSection
EndGlobal
